
Microsoft Visual Studio Solution File, Format Version 12.00
# Visual Studio Version 17
VisualStudioVersion = 17.0.31903.59
MinimumVisualStudioVersion = 10.0.40219.1
Project("{2150E333-8FDC-42A3-9474-1A3956D46DE8}") = "src", "src", "{C841A0ED-3F4B-47BD-91A6-E4114BC3DABB}"
EndProject
Project("{2150E333-8FDC-42A3-9474-1A3956D46DE8}") = "Test", "Test", "{BD029109-47B3-4393-B107-637E15279DE7}"
EndProject
Project("{FAE04EC0-301F-11D3-BF4B-00C04F79EFBC}") = "Calculator", "Calculator\Calculator.csproj", "{ADF0F68D-ECCA-40A1-AEF9-938435F707F9}"
EndProject
Project("{9A19103F-16F7-4668-BE54-9A1E7A4F7556}") = "Calculator.Test", "Calculator.Test\Calculator.Test.csproj", "{6578056D-0E64-4F28-BBAB-86A3DAA73E98}"
EndProject
Project("{FAE04EC0-301F-11D3-BF4B-00C04F79EFBC}") = "WebAppMVC", "WebAppMVC\WebAppMVC.csproj", "{88371621-6A44-4B0E-BC59-43E0A0C14B76}"
EndProject
Project("{2150E333-8FDC-42A3-9474-1A3956D46DE8}") = "Solution Items", "Solution Items", "{0B26483A-B291-4714-84AC-761E41DB93B2}"
	ProjectSection(SolutionItems) = preProject
		.editorconfig = .editorconfig
	EndProjectSection
EndProject
Project("{FAE04EC0-301F-11D3-BF4B-00C04F79EFBC}") = "WebAppMVC.Test", "WebAppMVC.Test\WebAppMVC.Test.csproj", "{7FF6851E-6D54-4F76-9528-7D042CFDEF73}"
EndProject
Project("{FAE04EC0-301F-11D3-BF4B-00C04F79EFBC}") = "TDD.Test", "TDD.Test\TDD.Test.csproj", "{7B2FA245-81C2-418C-A544-7F28339450F7}"
EndProject
Project("{FAE04EC0-301F-11D3-BF4B-00C04F79EFBC}") = "TDD", "TDD\TDD.csproj", "{4CAFED5B-BB64-4051-9EA4-27B74350119A}"
EndProject
Project("{FAE04EC0-301F-11D3-BF4B-00C04F79EFBC}") = "MoqFrameworkSample", "MoqFrameworkSample\MoqFrameworkSample.csproj", "{D2364C7D-1F3D-43FA-B72B-4F75B488004A}"
EndProject
Project("{FAE04EC0-301F-11D3-BF4B-00C04F79EFBC}") = "MoqFrameworkSampleTest", "MoqFrameworkSampleTest\MoqFrameworkSampleTest.csproj", "{D410F656-C071-4C5B-BB71-31EA9CA0B0E2}"
EndProject
Global
	GlobalSection(SolutionConfigurationPlatforms) = preSolution
		Debug|Any CPU = Debug|Any CPU
		Release|Any CPU = Release|Any CPU
	EndGlobalSection
	GlobalSection(ProjectConfigurationPlatforms) = postSolution
		{ADF0F68D-ECCA-40A1-AEF9-938435F707F9}.Debug|Any CPU.ActiveCfg = Debug|Any CPU
		{ADF0F68D-ECCA-40A1-AEF9-938435F707F9}.Debug|Any CPU.Build.0 = Debug|Any CPU
		{ADF0F68D-ECCA-40A1-AEF9-938435F707F9}.Release|Any CPU.ActiveCfg = Release|Any CPU
		{ADF0F68D-ECCA-40A1-AEF9-938435F707F9}.Release|Any CPU.Build.0 = Release|Any CPU
		{6578056D-0E64-4F28-BBAB-86A3DAA73E98}.Debug|Any CPU.ActiveCfg = Debug|Any CPU
		{6578056D-0E64-4F28-BBAB-86A3DAA73E98}.Debug|Any CPU.Build.0 = Debug|Any CPU
		{6578056D-0E64-4F28-BBAB-86A3DAA73E98}.Release|Any CPU.ActiveCfg = Release|Any CPU
		{6578056D-0E64-4F28-BBAB-86A3DAA73E98}.Release|Any CPU.Build.0 = Release|Any CPU
		{88371621-6A44-4B0E-BC59-43E0A0C14B76}.Debug|Any CPU.ActiveCfg = Debug|Any CPU
		{88371621-6A44-4B0E-BC59-43E0A0C14B76}.Debug|Any CPU.Build.0 = Debug|Any CPU
		{88371621-6A44-4B0E-BC59-43E0A0C14B76}.Release|Any CPU.ActiveCfg = Release|Any CPU
		{88371621-6A44-4B0E-BC59-43E0A0C14B76}.Release|Any CPU.Build.0 = Release|Any CPU
		{7FF6851E-6D54-4F76-9528-7D042CFDEF73}.Debug|Any CPU.ActiveCfg = Debug|Any CPU
		{7FF6851E-6D54-4F76-9528-7D042CFDEF73}.Debug|Any CPU.Build.0 = Debug|Any CPU
		{7FF6851E-6D54-4F76-9528-7D042CFDEF73}.Release|Any CPU.ActiveCfg = Release|Any CPU
		{7FF6851E-6D54-4F76-9528-7D042CFDEF73}.Release|Any CPU.Build.0 = Release|Any CPU
		{7B2FA245-81C2-418C-A544-7F28339450F7}.Debug|Any CPU.ActiveCfg = Debug|Any CPU
		{7B2FA245-81C2-418C-A544-7F28339450F7}.Debug|Any CPU.Build.0 = Debug|Any CPU
		{7B2FA245-81C2-418C-A544-7F28339450F7}.Release|Any CPU.ActiveCfg = Release|Any CPU
		{7B2FA245-81C2-418C-A544-7F28339450F7}.Release|Any CPU.Build.0 = Release|Any CPU
		{4CAFED5B-BB64-4051-9EA4-27B74350119A}.Debug|Any CPU.ActiveCfg = Debug|Any CPU
		{4CAFED5B-BB64-4051-9EA4-27B74350119A}.Debug|Any CPU.Build.0 = Debug|Any CPU
		{4CAFED5B-BB64-4051-9EA4-27B74350119A}.Release|Any CPU.ActiveCfg = Release|Any CPU
		{4CAFED5B-BB64-4051-9EA4-27B74350119A}.Release|Any CPU.Build.0 = Release|Any CPU
		{D2364C7D-1F3D-43FA-B72B-4F75B488004A}.Debug|Any CPU.ActiveCfg = Debug|Any CPU
		{D2364C7D-1F3D-43FA-B72B-4F75B488004A}.Debug|Any CPU.Build.0 = Debug|Any CPU
		{D2364C7D-1F3D-43FA-B72B-4F75B488004A}.Release|Any CPU.ActiveCfg = Release|Any CPU
		{D2364C7D-1F3D-43FA-B72B-4F75B488004A}.Release|Any CPU.Build.0 = Release|Any CPU
		{D410F656-C071-4C5B-BB71-31EA9CA0B0E2}.Debug|Any CPU.ActiveCfg = Debug|Any CPU
		{D410F656-C071-4C5B-BB71-31EA9CA0B0E2}.Debug|Any CPU.Build.0 = Debug|Any CPU
		{D410F656-C071-4C5B-BB71-31EA9CA0B0E2}.Release|Any CPU.ActiveCfg = Release|Any CPU
		{D410F656-C071-4C5B-BB71-31EA9CA0B0E2}.Release|Any CPU.Build.0 = Release|Any CPU
	EndGlobalSection
	GlobalSection(SolutionProperties) = preSolution
		HideSolutionNode = FALSE
	EndGlobalSection
	GlobalSection(NestedProjects) = preSolution
		{ADF0F68D-ECCA-40A1-AEF9-938435F707F9} = {C841A0ED-3F4B-47BD-91A6-E4114BC3DABB}
		{6578056D-0E64-4F28-BBAB-86A3DAA73E98} = {BD029109-47B3-4393-B107-637E15279DE7}
		{88371621-6A44-4B0E-BC59-43E0A0C14B76} = {C841A0ED-3F4B-47BD-91A6-E4114BC3DABB}
		{7FF6851E-6D54-4F76-9528-7D042CFDEF73} = {BD029109-47B3-4393-B107-637E15279DE7}
		{7B2FA245-81C2-418C-A544-7F28339450F7} = {BD029109-47B3-4393-B107-637E15279DE7}
		{4CAFED5B-BB64-4051-9EA4-27B74350119A} = {C841A0ED-3F4B-47BD-91A6-E4114BC3DABB}
		{D2364C7D-1F3D-43FA-B72B-4F75B488004A} = {C841A0ED-3F4B-47BD-91A6-E4114BC3DABB}
		{D410F656-C071-4C5B-BB71-31EA9CA0B0E2} = {BD029109-47B3-4393-B107-637E15279DE7}
	EndGlobalSection
	GlobalSection(ExtensibilityGlobals) = postSolution
		SolutionGuid = {85403759-2061-474B-B6EA-96D4E876EC4A}
	EndGlobalSection
EndGlobal
