
Microsoft Visual Studio Solution File, Format Version 12.00
# Visual Studio Version 17
VisualStudioVersion = 17.0.31903.59
MinimumVisualStudioVersion = 10.0.40219.1
Project("{FAE04EC0-301F-11D3-BF4B-00C04F79EFBC}") = "IdentityCompleteProject", "IdentityCompleteProject\IdentityCompleteProject.csproj", "{74DCB7E4-D29A-4E0D-B892-FF829C50B977}"
EndProject
Global
	GlobalSection(SolutionConfigurationPlatforms) = preSolution
		Debug|Any CPU = Debug|Any CPU
		Release|Any CPU = Release|Any CPU
	EndGlobalSection
	GlobalSection(ProjectConfigurationPlatforms) = postSolution
		{74DCB7E4-D29A-4E0D-B892-FF829C50B977}.Debug|Any CPU.ActiveCfg = Debug|Any CPU
		{74DCB7E4-D29A-4E0D-B892-FF829C50B977}.Debug|Any CPU.Build.0 = Debug|Any CPU
		{74DCB7E4-D29A-4E0D-B892-FF829C50B977}.Release|Any CPU.ActiveCfg = Release|Any CPU
		{74DCB7E4-D29A-4E0D-B892-FF829C50B977}.Release|Any CPU.Build.0 = Release|Any CPU
	EndGlobalSection
	GlobalSection(SolutionProperties) = preSolution
		HideSolutionNode = FALSE
	EndGlobalSection
	GlobalSection(ExtensibilityGlobals) = postSolution
		SolutionGuid = {3FB2F369-7234-4267-840B-358E5E0BC942}
	EndGlobalSection
EndGlobal
