
Microsoft Visual Studio Solution File, Format Version 12.00
# Visual Studio Version 17
VisualStudioVersion = 17.0.31903.59
MinimumVisualStudioVersion = 10.0.40219.1
Project("{9A19103F-16F7-4668-BE54-9A1E7A4F7556}") = "LoggingDemo", "LoggingDemo\LoggingDemo.csproj", "{70F637E8-A6A1-493B-8736-74B6C4405DE1}"
EndProject
Global
	GlobalSection(SolutionConfigurationPlatforms) = preSolution
		Debug|Any CPU = Debug|Any CPU
		Release|Any CPU = Release|Any CPU
	EndGlobalSection
	GlobalSection(ProjectConfigurationPlatforms) = postSolution
		{70F637E8-A6A1-493B-8736-74B6C4405DE1}.Debug|Any CPU.ActiveCfg = Debug|Any CPU
		{70F637E8-A6A1-493B-8736-74B6C4405DE1}.Debug|Any CPU.Build.0 = Debug|Any CPU
		{70F637E8-A6A1-493B-8736-74B6C4405DE1}.Release|Any CPU.ActiveCfg = Release|Any CPU
		{70F637E8-A6A1-493B-8736-74B6C4405DE1}.Release|Any CPU.Build.0 = Release|Any CPU
	EndGlobalSection
	GlobalSection(SolutionProperties) = preSolution
		HideSolutionNode = FALSE
	EndGlobalSection
	GlobalSection(ExtensibilityGlobals) = postSolution
		SolutionGuid = {DB2FCDF9-856D-4825-98E2-56948EA34F89}
	EndGlobalSection
EndGlobal
