
Microsoft Visual Studio Solution File, Format Version 12.00
# Visual Studio Version 17
VisualStudioVersion = 17.0.31903.59
MinimumVisualStudioVersion = 10.0.40219.1
Project("{FAE04EC0-301F-11D3-BF4B-00C04F79EFBC}") = "AdvancedRoutingDemo", "AdvancedRoutingDemo\AdvancedRoutingDemo.csproj", "{67D3409F-94DC-477A-A0DD-C06DE5CB385F}"
EndProject
Global
	GlobalSection(SolutionConfigurationPlatforms) = preSolution
		Debug|Any CPU = Debug|Any CPU
		Release|Any CPU = Release|Any CPU
	EndGlobalSection
	GlobalSection(ProjectConfigurationPlatforms) = postSolution
		{67D3409F-94DC-477A-A0DD-C06DE5CB385F}.Debug|Any CPU.ActiveCfg = Debug|Any CPU
		{67D3409F-94DC-477A-A0DD-C06DE5CB385F}.Debug|Any CPU.Build.0 = Debug|Any CPU
		{67D3409F-94DC-477A-A0DD-C06DE5CB385F}.Release|Any CPU.ActiveCfg = Release|Any CPU
		{67D3409F-94DC-477A-A0DD-C06DE5CB385F}.Release|Any CPU.Build.0 = Release|Any CPU
	EndGlobalSection
	GlobalSection(SolutionProperties) = preSolution
		HideSolutionNode = FALSE
	EndGlobalSection
	GlobalSection(ExtensibilityGlobals) = postSolution
		SolutionGuid = {7348EC9A-1A33-4509-BA92-F2D2089FD206}
	EndGlobalSection
EndGlobal
